<?xml version="1.0" encoding="utf-8"?>
<Project ToolsVersion="4.0" xmlns="http://schemas.microsoft.com/developer/msbuild/2003">
  <ItemGroup>
    <ClCompile Include="j1Window.cpp">
      <Filter>Desenvolupament  ========\Modules</Filter>
    </ClCompile>
    <ClCompile Include="j1Audio.cpp">
      <Filter>Desenvolupament  ========\Modules</Filter>
    </ClCompile>
    <ClCompile Include="j1App.cpp">
      <Filter>Desenvolupament  ========</Filter>
    </ClCompile>
    <ClCompile Include="j1Input.cpp">
      <Filter>Desenvolupament  ========\Modules</Filter>
    </ClCompile>
    <ClCompile Include="j1Main.cpp">
      <Filter>Desenvolupament  ========</Filter>
    </ClCompile>
    <ClCompile Include="j1Render.cpp">
      <Filter>Desenvolupament  ========\Modules</Filter>
    </ClCompile>
    <ClCompile Include="j1Textures.cpp">
      <Filter>Desenvolupament  ========\Modules</Filter>
    </ClCompile>
    <ClCompile Include="p2Log.cpp">
      <Filter>Programacio 2 ===========</Filter>
    </ClCompile>
    <ClCompile Include="j1Scene.cpp">
      <Filter>Desenvolupament  ========\Scenes</Filter>
    </ClCompile>
    <ClCompile Include="j1FileSystem.cpp">
      <Filter>Desenvolupament  ========\Modules</Filter>
    </ClCompile>
    <ClCompile Include="PugiXml\src\pugixml.cpp">
      <Filter>Desenvolupament  ========\Tools\PuguiXML</Filter>
    </ClCompile>
    <ClCompile Include="j1Map.cpp">
      <Filter>Desenvolupament  ========\Modules</Filter>
    </ClCompile>
    <ClCompile Include="j1Pathfinding.cpp">
      <Filter>Desenvolupament  ========\Modules</Filter>
    </ClCompile>
    <ClCompile Include="j1Timer.cpp">
      <Filter>Desenvolupament  ========\Tools</Filter>
    </ClCompile>
    <ClCompile Include="j1PerfTimer.cpp">
      <Filter>Desenvolupament  ========\Tools</Filter>
    </ClCompile>
    <ClCompile Include="j1Fonts.cpp">
      <Filter>Desenvolupament  ========\Modules</Filter>
    </ClCompile>
    <ClCompile Include="j1Gui.cpp">
      <Filter>Desenvolupament  ========\Modules\GUI</Filter>
    </ClCompile>
    <ClCompile Include="j1GuiEntity.cpp">
      <Filter>Desenvolupament  ========\Modules\GUI</Filter>
    </ClCompile>
    <ClCompile Include="j1GuiElements.cpp">
      <Filter>Desenvolupament  ========\Modules\GUI</Filter>
    </ClCompile>
    <ClCompile Include="j1EntityElementsScene.cpp">
      <Filter>Desenvolupament  ========\ElementsScene</Filter>
    </ClCompile>
    <ClCompile Include="j1Player.cpp">
      <Filter>Desenvolupament  ========\ElementsScene</Filter>
    </ClCompile>
    <ClCompile Include="j1AnimationManager.cpp">
      <Filter>Desenvolupament  ========\Animation</Filter>
    </ClCompile>
    <ClCompile Include="j1Item.cpp">
      <Filter>Desenvolupament  ========\ElementsScene</Filter>
    </ClCompile>
    <ClCompile Include="j1Collision.cpp">
      <Filter>Desenvolupament  ========\Modules</Filter>
    </ClCompile>
    <ClCompile Include="j1DynamicObjects.cpp">
      <Filter>Desenvolupament  ========\ElementsScene</Filter>
    </ClCompile>
    <ClCompile Include="BCTrooper.cpp">
      <Filter>Desenvolupament  ========\ElementsScene\NPCs</Filter>
    </ClCompile>
    <ClCompile Include="Ganon.cpp">
      <Filter>Desenvolupament  ========\ElementsScene\NPCs</Filter>
    </ClCompile>
    <ClCompile Include="Soldier.cpp">
      <Filter>Desenvolupament  ========\ElementsScene\NPCs</Filter>
    </ClCompile>
    <ClCompile Include="Pokemon.cpp">
      <Filter>Desenvolupament  ========\ElementsScene\NPCs</Filter>
    </ClCompile>
    <ClCompile Include="PokeTrainer.cpp">
      <Filter>Desenvolupament  ========\ElementsScene\NPCs</Filter>
    </ClCompile>
  </ItemGroup>
  <ItemGroup>
    <ClInclude Include="j1Window.h">
      <Filter>Desenvolupament  ========\Modules</Filter>
    </ClInclude>
    <ClInclude Include="j1Audio.h">
      <Filter>Desenvolupament  ========\Modules</Filter>
    </ClInclude>
    <ClInclude Include="j1App.h">
      <Filter>Desenvolupament  ========</Filter>
    </ClInclude>
    <ClInclude Include="j1Input.h">
      <Filter>Desenvolupament  ========\Modules</Filter>
    </ClInclude>
    <ClInclude Include="j1Module.h">
      <Filter>Desenvolupament  ========</Filter>
    </ClInclude>
    <ClInclude Include="j1Render.h">
      <Filter>Desenvolupament  ========\Modules</Filter>
    </ClInclude>
    <ClInclude Include="j1Textures.h">
      <Filter>Desenvolupament  ========\Modules</Filter>
    </ClInclude>
    <ClInclude Include="p2Defs.h">
      <Filter>Programacio 2 ===========</Filter>
    </ClInclude>
    <ClInclude Include="p2List.h">
      <Filter>Programacio 2 ===========</Filter>
    </ClInclude>
    <ClInclude Include="p2Log.h">
      <Filter>Programacio 2 ===========</Filter>
    </ClInclude>
    <ClInclude Include="p2Point.h">
      <Filter>Programacio 2 ===========</Filter>
    </ClInclude>
    <ClInclude Include="p2DynArray.h">
      <Filter>Programacio 2 ===========</Filter>
    </ClInclude>
    <ClInclude Include="j1Scene.h">
      <Filter>Desenvolupament  ========\Scenes</Filter>
    </ClInclude>
    <ClInclude Include="j1FileSystem.h">
      <Filter>Desenvolupament  ========\Modules</Filter>
    </ClInclude>
    <ClInclude Include="PugiXml\src\pugiconfig.hpp">
      <Filter>Desenvolupament  ========\Tools\PuguiXML</Filter>
    </ClInclude>
    <ClInclude Include="PugiXml\src\pugixml.hpp">
      <Filter>Desenvolupament  ========\Tools\PuguiXML</Filter>
    </ClInclude>
    <ClInclude Include="j1Map.h">
      <Filter>Desenvolupament  ========\Modules</Filter>
    </ClInclude>
    <ClInclude Include="j1Pathfinding.h">
      <Filter>Desenvolupament  ========\Modules</Filter>
    </ClInclude>
    <ClInclude Include="j1Timer.h">
      <Filter>Desenvolupament  ========\Tools</Filter>
    </ClInclude>
    <ClInclude Include="j1PerfTimer.h">
      <Filter>Desenvolupament  ========\Tools</Filter>
    </ClInclude>
    <ClInclude Include="j1Fonts.h">
      <Filter>Desenvolupament  ========\Modules</Filter>
    </ClInclude>
    <ClInclude Include="j1Gui.h">
      <Filter>Desenvolupament  ========\Modules\GUI</Filter>
    </ClInclude>
    <ClInclude Include="j1GuiEntity.h">
      <Filter>Desenvolupament  ========\Modules\GUI</Filter>
    </ClInclude>
    <ClInclude Include="j1GuiElements.h">
      <Filter>Desenvolupament  ========\Modules\GUI</Filter>
    </ClInclude>
    <ClInclude Include="j1EntityElementsScene.h">
      <Filter>Desenvolupament  ========\ElementsScene</Filter>
    </ClInclude>
    <ClInclude Include="j1Player.h">
      <Filter>Desenvolupament  ========\ElementsScene</Filter>
    </ClInclude>
    <ClInclude Include="j1AnimationManager.h">
      <Filter>Desenvolupament  ========\Animation</Filter>
    </ClInclude>
    <ClInclude Include="Animation.h">
      <Filter>Desenvolupament  ========\Animation</Filter>
    </ClInclude>
    <ClInclude Include="j1Item.h">
      <Filter>Desenvolupament  ========\ElementsScene</Filter>
    </ClInclude>
    <ClInclude Include="j1Collision.h">
      <Filter>Desenvolupament  ========\Modules</Filter>
    </ClInclude>
    <ClInclude Include="j1DynamicObjects.h">
      <Filter>Desenvolupament  ========\ElementsScene</Filter>
    </ClInclude>
    <ClInclude Include="SceneElements.h">
      <Filter>Desenvolupament  ========\ElementsScene</Filter>
    </ClInclude>
    <ClInclude Include="NPC.h">
      <Filter>Desenvolupament  ========\ElementsScene\NPCs</Filter>
    </ClInclude>
    <ClInclude Include="BCTrooper.h">
      <Filter>Desenvolupament  ========\ElementsScene\NPCs</Filter>
    </ClInclude>
    <ClInclude Include="Ganon.h">
      <Filter>Desenvolupament  ========\ElementsScene\NPCs</Filter>
    </ClInclude>
    <ClInclude Include="Soldier.h">
      <Filter>Desenvolupament  ========\ElementsScene\NPCs</Filter>
    </ClInclude>
    <ClInclude Include="Pokemon.h">
      <Filter>Desenvolupament  ========\ElementsScene\NPCs</Filter>
    </ClInclude>
    <ClInclude Include="PokeTrainer.h">
      <Filter>Desenvolupament  ========\ElementsScene\NPCs</Filter>
    </ClInclude>
  </ItemGroup>
  <ItemGroup>
    <Filter Include="Programacio 2 ===========">
      <UniqueIdentifier>{a8bfab6a-5472-4969-943e-861a8b493f08}</UniqueIdentifier>
    </Filter>
    <Filter Include="Desenvolupament  ========">
      <UniqueIdentifier>{cb944693-b9d0-484c-bad2-02d5a7cdbec6}</UniqueIdentifier>
    </Filter>
    <Filter Include="Desenvolupament  ========\Tools">
      <UniqueIdentifier>{42c748be-4a37-49de-970f-5be811d06b38}</UniqueIdentifier>
    </Filter>
    <Filter Include="Desenvolupament  ========\Scenes">
      <UniqueIdentifier>{e07660eb-d36f-4cc9-af59-324d31c2f2f6}</UniqueIdentifier>
    </Filter>
    <Filter Include="Desenvolupament  ========\Modules">
      <UniqueIdentifier>{244722d1-90ce-423d-8e7a-556211865a32}</UniqueIdentifier>
    </Filter>
    <Filter Include="Desenvolupament  ========\Tools\PuguiXML">
      <UniqueIdentifier>{7cb78d67-17cc-45eb-af97-e2106becce7b}</UniqueIdentifier>
    </Filter>
    <Filter Include="Desenvolupament  ========\Modules\GUI">
      <UniqueIdentifier>{fff5abb1-d128-4071-a124-281ad1c0603e}</UniqueIdentifier>
    </Filter>
    <Filter Include="Desenvolupament  ========\ElementsScene">
      <UniqueIdentifier>{e355e0ac-ad79-457e-b007-beef6e857e81}</UniqueIdentifier>
    </Filter>
    <Filter Include="Desenvolupament  ========\Animation">
      <UniqueIdentifier>{04f989d6-eec3-42ac-a3ee-25b9e3cedf83}</UniqueIdentifier>
    </Filter>
    <Filter Include="Desenvolupament  ========\ElementsScene\NPCs">
      <UniqueIdentifier>{f1b3e4aa-26f2-45ab-a125-5ac7b95718a1}</UniqueIdentifier>
    </Filter>
  </ItemGroup>
  <ItemGroup>
    <Xml Include="..\Game\config.xml">
      <Filter>Desenvolupament  ========\Tools</Filter>
    </Xml>
    <Xml Include="..\Game\LinkWalkingSprites.xml">
      <Filter>Desenvolupament  ========\Animation</Filter>
    </Xml>
  </ItemGroup>
</Project>